
Microsoft Visual Studio Solution File, Format Version 12.00
# Visual Studio Version 16
VisualStudioVersion = 16.0.30011.22
MinimumVisualStudioVersion = 10.0.40219.1
Project("{FAE04EC0-301F-11D3-BF4B-00C04F79EFBC}") = "MichalGarnczarskiMVCHelloWorld", "MichalGarnczarskiMVCHelloWorld.csproj", "{C48EE497-470A-47CD-986A-CC8251B302E2}"
EndProject
Global
	GlobalSection(SolutionConfigurationPlatforms) = preSolution
		Debug|Any CPU = Debug|Any CPU
		Release|Any CPU = Release|Any CPU
	EndGlobalSection
	GlobalSection(ProjectConfigurationPlatforms) = postSolution
		{C48EE497-470A-47CD-986A-CC8251B302E2}.Debug|Any CPU.ActiveCfg = Debug|Any CPU
		{C48EE497-470A-47CD-986A-CC8251B302E2}.Debug|Any CPU.Build.0 = Debug|Any CPU
		{C48EE497-470A-47CD-986A-CC8251B302E2}.Release|Any CPU.ActiveCfg = Release|Any CPU
		{C48EE497-470A-47CD-986A-CC8251B302E2}.Release|Any CPU.Build.0 = Release|Any CPU
	EndGlobalSection
	GlobalSection(SolutionProperties) = preSolution
		HideSolutionNode = FALSE
	EndGlobalSection
	GlobalSection(ExtensibilityGlobals) = postSolution
		SolutionGuid = {1CA71FDA-B68B-4413-9619-7DB926791780}
	EndGlobalSection
EndGlobal
